
Microsoft Visual Studio Solution File, Format Version 12.00
# Visual Studio Version 17
VisualStudioVersion = 17.8.34330.188
MinimumVisualStudioVersion = 10.0.40219.1
Project("{FAE04EC0-301F-11D3-BF4B-00C04F79EFBC}") = "Diplomska", "Diplomska\Diplomska.csproj", "{FDC99DCD-2494-4384-A73A-7BFF2084BF1F}"
EndProject
Global
	GlobalSection(SolutionConfigurationPlatforms) = preSolution
		Debug|Any CPU = Debug|Any CPU
		Release|Any CPU = Release|Any CPU
	EndGlobalSection
	GlobalSection(ProjectConfigurationPlatforms) = postSolution
		{FDC99DCD-2494-4384-A73A-7BFF2084BF1F}.Debug|Any CPU.ActiveCfg = Debug|Any CPU
		{FDC99DCD-2494-4384-A73A-7BFF2084BF1F}.Debug|Any CPU.Build.0 = Debug|Any CPU
		{FDC99DCD-2494-4384-A73A-7BFF2084BF1F}.Release|Any CPU.ActiveCfg = Release|Any CPU
		{FDC99DCD-2494-4384-A73A-7BFF2084BF1F}.Release|Any CPU.Build.0 = Release|Any CPU
	EndGlobalSection
	GlobalSection(SolutionProperties) = preSolution
		HideSolutionNode = FALSE
	EndGlobalSection
	GlobalSection(ExtensibilityGlobals) = postSolution
		SolutionGuid = {C367310E-7EE8-4FF0-A75E-7139E1E7BB55}
	EndGlobalSection
EndGlobal
